
Microsoft Visual Studio Solution File, Format Version 12.00
# Visual Studio 15
VisualStudioVersion = 15.0.28307.106
MinimumVisualStudioVersion = 10.0.40219.1
Project("{FAE04EC0-301F-11D3-BF4B-00C04F79EFBC}") = "PRoiectSADNET", "PRoiectSADNET\PRoiectSADNET.csproj", "{4A0234B4-AB31-4D4F-9F2B-BCFDFC8FEFAA}"
EndProject
Global
	GlobalSection(SolutionConfigurationPlatforms) = preSolution
		Debug|Any CPU = Debug|Any CPU
		Release|Any CPU = Release|Any CPU
	EndGlobalSection
	GlobalSection(ProjectConfigurationPlatforms) = postSolution
		{4A0234B4-AB31-4D4F-9F2B-BCFDFC8FEFAA}.Debug|Any CPU.ActiveCfg = Debug|Any CPU
		{4A0234B4-AB31-4D4F-9F2B-BCFDFC8FEFAA}.Debug|Any CPU.Build.0 = Debug|Any CPU
		{4A0234B4-AB31-4D4F-9F2B-BCFDFC8FEFAA}.Release|Any CPU.ActiveCfg = Release|Any CPU
		{4A0234B4-AB31-4D4F-9F2B-BCFDFC8FEFAA}.Release|Any CPU.Build.0 = Release|Any CPU
	EndGlobalSection
	GlobalSection(SolutionProperties) = preSolution
		HideSolutionNode = FALSE
	EndGlobalSection
	GlobalSection(ExtensibilityGlobals) = postSolution
		SolutionGuid = {DDA06997-4AD1-4041-BA6F-DE55F95379E1}
	EndGlobalSection
EndGlobal
